
Microsoft Visual Studio Solution File, Format Version 12.00
# Visual Studio Version 17
VisualStudioVersion = 17.0.31903.59
MinimumVisualStudioVersion = 10.0.40219.1
Project("{9A19103F-16F7-4668-BE54-9A1E7A4F7556}") = "SportsStore", "SportsStore\SportsStore.csproj", "{952FD579-65D7-4296-A574-7E7AE03C8649}"
EndProject
Project("{9A19103F-16F7-4668-BE54-9A1E7A4F7556}") = "SportsStore.Tests", "SportsStore.Tests\SportsStore.Tests.csproj", "{B38D330C-A65C-4138-933D-740A7514643E}"
EndProject
Global
	GlobalSection(SolutionConfigurationPlatforms) = preSolution
		Debug|Any CPU = Debug|Any CPU
		Release|Any CPU = Release|Any CPU
	EndGlobalSection
	GlobalSection(ProjectConfigurationPlatforms) = postSolution
		{952FD579-65D7-4296-A574-7E7AE03C8649}.Debug|Any CPU.ActiveCfg = Debug|Any CPU
		{952FD579-65D7-4296-A574-7E7AE03C8649}.Debug|Any CPU.Build.0 = Debug|Any CPU
		{952FD579-65D7-4296-A574-7E7AE03C8649}.Release|Any CPU.ActiveCfg = Release|Any CPU
		{952FD579-65D7-4296-A574-7E7AE03C8649}.Release|Any CPU.Build.0 = Release|Any CPU
		{B38D330C-A65C-4138-933D-740A7514643E}.Debug|Any CPU.ActiveCfg = Debug|Any CPU
		{B38D330C-A65C-4138-933D-740A7514643E}.Debug|Any CPU.Build.0 = Debug|Any CPU
		{B38D330C-A65C-4138-933D-740A7514643E}.Release|Any CPU.ActiveCfg = Release|Any CPU
		{B38D330C-A65C-4138-933D-740A7514643E}.Release|Any CPU.Build.0 = Release|Any CPU
	EndGlobalSection
	GlobalSection(SolutionProperties) = preSolution
		HideSolutionNode = FALSE
	EndGlobalSection
	GlobalSection(ExtensibilityGlobals) = postSolution
		SolutionGuid = {CFB84416-2DF0-4D7E-96EA-69667DDAFC06}
	EndGlobalSection
EndGlobal
